Microsoft Visual Studio Solution File, Format Version 12.00
# Visual Studio Version 17
VisualStudioVersion = 17.5.2.0
MinimumVisualStudioVersion = 10.0.40219.1
Project("{FAE04EC0-301F-11D3-BF4B-00C04F79EFBC}") = "TwitterClone.Api", "backend\TwitterClone.Api.csproj", "{9ED12050-4BA1-2062-3CD4-8455667D1069}"
EndProject
Global
	GlobalSection(SolutionConfigurationPlatforms) = preSolution
		Debug|Any CPU = Debug|Any CPU
		Release|Any CPU = Release|Any CPU
	EndGlobalSection
	GlobalSection(ProjectConfigurationPlatforms) = postSolution
		{9ED12050-4BA1-2062-3CD4-8455667D1069}.Debug|Any CPU.ActiveCfg = Debug|Any CPU
		{9ED12050-4BA1-2062-3CD4-8455667D1069}.Debug|Any CPU.Build.0 = Debug|Any CPU
		{9ED12050-4BA1-2062-3CD4-8455667D1069}.Release|Any CPU.ActiveCfg = Release|Any CPU
		{9ED12050-4BA1-2062-3CD4-8455667D1069}.Release|Any CPU.Build.0 = Release|Any CPU
	EndGlobalSection
	GlobalSection(SolutionProperties) = preSolution
		HideSolutionNode = FALSE
	EndGlobalSection
	GlobalSection(ExtensibilityGlobals) = postSolution
		SolutionGuid = {0B941460-BA85-4163-9736-50A5DD1551C9}
	EndGlobalSection
EndGlobal
